
Microsoft Visual Studio Solution File, Format Version 12.00
# Visual Studio Version 16
VisualStudioVersion = 16.0.30114.105
MinimumVisualStudioVersion = 10.0.40219.1
Project("{2150E333-8FDC-42A3-9474-1A3956D46DE8}") = "src", "src", "{858C24CA-DD5A-46B0-BA44-A92760591FCA}"
EndProject
Project("{FAE04EC0-301F-11D3-BF4B-00C04F79EFBC}") = "TrailerScope.Services.ImdbApiService", "src\TrailerScope.Services.ImdbApiService\TrailerScope.Services.ImdbApiService.csproj", "{630DD108-79AE-4A0B-A462-758278B31308}"
EndProject
Project("{2150E333-8FDC-42A3-9474-1A3956D46DE8}") = "tests", "tests", "{66D4CC07-205C-4297-854C-4E825E20C5C9}"
EndProject
Project("{FAE04EC0-301F-11D3-BF4B-00C04F79EFBC}") = "TrailerScope.Services.ImdbApiServiceUnitTest", "tests\TrailerScope.Services.ImdbApiServiceUnitTest\TrailerScope.Services.ImdbApiServiceUnitTest.csproj", "{B86A9D3D-54A2-4671-91F6-D732AD3C9C96}"
EndProject
Project("{FAE04EC0-301F-11D3-BF4B-00C04F79EFBC}") = "TrailerScope.Domain", "src\TrailerScope.Domain\TrailerScope.Domain.csproj", "{37957BF0-C557-445E-B50A-885E3E8AF0DF}"
EndProject
Project("{FAE04EC0-301F-11D3-BF4B-00C04F79EFBC}") = "TrailerScope.Contracts", "src\TrailerScope.Contracts\TrailerScope.Contracts.csproj", "{4696C01D-8AF1-423F-BAB5-004115B839C2}"
EndProject
Project("{FAE04EC0-301F-11D3-BF4B-00C04F79EFBC}") = "TrailerScope.Services", "src\TrailerScope.Services\TrailerScope.Services.csproj", "{271599F1-6514-4C14-A543-F987FC383849}"
EndProject
Project("{FAE04EC0-301F-11D3-BF4B-00C04F79EFBC}") = "TrailerScope.ServicesUnitTests", "tests\TrailerScope.ServicesUnitTests\TrailerScope.ServicesUnitTests.csproj", "{F4B6D57E-839F-4E7D-B5A3-3123A1F386BF}"
EndProject
Project("{2150E333-8FDC-42A3-9474-1A3956D46DE8}") = "BlazorWasm", "BlazorWasm", "{BED8B6B5-1E1C-40A6-9EA9-248FCD2FBF6B}"
EndProject
Project("{FAE04EC0-301F-11D3-BF4B-00C04F79EFBC}") = "TrailerScopeBlazorWasm.Shared", "src\TrailerScopeBlazorWasm\Shared\TrailerScopeBlazorWasm.Shared.csproj", "{6696EB9B-FA4C-4A4E-9A91-A2DB95963E14}"
EndProject
Project("{FAE04EC0-301F-11D3-BF4B-00C04F79EFBC}") = "TrailerScopeBlazorWasm.Server", "src\TrailerScopeBlazorWasm\Server\TrailerScopeBlazorWasm.Server.csproj", "{FD0CF939-04C7-417B-BFFF-1F843AE1FE60}"
EndProject
Project("{FAE04EC0-301F-11D3-BF4B-00C04F79EFBC}") = "TrailerScopeBlazorWasm.Client", "src\TrailerScopeBlazorWasm\Client\TrailerScopeBlazorWasm.Client.csproj", "{C34B73AD-B70F-4E23-A1C9-A5C2FF45A1D5}"
EndProject
Project("{FAE04EC0-301F-11D3-BF4B-00C04F79EFBC}") = "TrailerScope.RazorLib", "src\TrailerScope.RazorLib\TrailerScope.RazorLib.csproj", "{656150DF-CEAD-4D24-9E9A-AB28CB0F8B0A}"
EndProject
Global
	GlobalSection(SolutionConfigurationPlatforms) = preSolution
		Debug|Any CPU = Debug|Any CPU
		Debug|x64 = Debug|x64
		Debug|x86 = Debug|x86
		Release|Any CPU = Release|Any CPU
		Release|x64 = Release|x64
		Release|x86 = Release|x86
	EndGlobalSection
	GlobalSection(SolutionProperties) = preSolution
		HideSolutionNode = FALSE
	EndGlobalSection
	GlobalSection(ProjectConfigurationPlatforms) = postSolution
		{630DD108-79AE-4A0B-A462-758278B31308}.Debug|Any CPU.ActiveCfg = Debug|Any CPU
		{630DD108-79AE-4A0B-A462-758278B31308}.Debug|Any CPU.Build.0 = Debug|Any CPU
		{630DD108-79AE-4A0B-A462-758278B31308}.Debug|x64.ActiveCfg = Debug|Any CPU
		{630DD108-79AE-4A0B-A462-758278B31308}.Debug|x64.Build.0 = Debug|Any CPU
		{630DD108-79AE-4A0B-A462-758278B31308}.Debug|x86.ActiveCfg = Debug|Any CPU
		{630DD108-79AE-4A0B-A462-758278B31308}.Debug|x86.Build.0 = Debug|Any CPU
		{630DD108-79AE-4A0B-A462-758278B31308}.Release|Any CPU.ActiveCfg = Release|Any CPU
		{630DD108-79AE-4A0B-A462-758278B31308}.Release|Any CPU.Build.0 = Release|Any CPU
		{630DD108-79AE-4A0B-A462-758278B31308}.Release|x64.ActiveCfg = Release|Any CPU
		{630DD108-79AE-4A0B-A462-758278B31308}.Release|x64.Build.0 = Release|Any CPU
		{630DD108-79AE-4A0B-A462-758278B31308}.Release|x86.ActiveCfg = Release|Any CPU
		{630DD108-79AE-4A0B-A462-758278B31308}.Release|x86.Build.0 = Release|Any CPU
		{B86A9D3D-54A2-4671-91F6-D732AD3C9C96}.Debug|Any CPU.ActiveCfg = Debug|Any CPU
		{B86A9D3D-54A2-4671-91F6-D732AD3C9C96}.Debug|Any CPU.Build.0 = Debug|Any CPU
		{B86A9D3D-54A2-4671-91F6-D732AD3C9C96}.Debug|x64.ActiveCfg = Debug|Any CPU
		{B86A9D3D-54A2-4671-91F6-D732AD3C9C96}.Debug|x64.Build.0 = Debug|Any CPU
		{B86A9D3D-54A2-4671-91F6-D732AD3C9C96}.Debug|x86.ActiveCfg = Debug|Any CPU
		{B86A9D3D-54A2-4671-91F6-D732AD3C9C96}.Debug|x86.Build.0 = Debug|Any CPU
		{B86A9D3D-54A2-4671-91F6-D732AD3C9C96}.Release|Any CPU.ActiveCfg = Release|Any CPU
		{B86A9D3D-54A2-4671-91F6-D732AD3C9C96}.Release|Any CPU.Build.0 = Release|Any CPU
		{B86A9D3D-54A2-4671-91F6-D732AD3C9C96}.Release|x64.ActiveCfg = Release|Any CPU
		{B86A9D3D-54A2-4671-91F6-D732AD3C9C96}.Release|x64.Build.0 = Release|Any CPU
		{B86A9D3D-54A2-4671-91F6-D732AD3C9C96}.Release|x86.ActiveCfg = Release|Any CPU
		{B86A9D3D-54A2-4671-91F6-D732AD3C9C96}.Release|x86.Build.0 = Release|Any CPU
		{37957BF0-C557-445E-B50A-885E3E8AF0DF}.Debug|Any CPU.ActiveCfg = Debug|Any CPU
		{37957BF0-C557-445E-B50A-885E3E8AF0DF}.Debug|Any CPU.Build.0 = Debug|Any CPU
		{37957BF0-C557-445E-B50A-885E3E8AF0DF}.Debug|x64.ActiveCfg = Debug|Any CPU
		{37957BF0-C557-445E-B50A-885E3E8AF0DF}.Debug|x64.Build.0 = Debug|Any CPU
		{37957BF0-C557-445E-B50A-885E3E8AF0DF}.Debug|x86.ActiveCfg = Debug|Any CPU
		{37957BF0-C557-445E-B50A-885E3E8AF0DF}.Debug|x86.Build.0 = Debug|Any CPU
		{37957BF0-C557-445E-B50A-885E3E8AF0DF}.Release|Any CPU.ActiveCfg = Release|Any CPU
		{37957BF0-C557-445E-B50A-885E3E8AF0DF}.Release|Any CPU.Build.0 = Release|Any CPU
		{37957BF0-C557-445E-B50A-885E3E8AF0DF}.Release|x64.ActiveCfg = Release|Any CPU
		{37957BF0-C557-445E-B50A-885E3E8AF0DF}.Release|x64.Build.0 = Release|Any CPU
		{37957BF0-C557-445E-B50A-885E3E8AF0DF}.Release|x86.ActiveCfg = Release|Any CPU
		{37957BF0-C557-445E-B50A-885E3E8AF0DF}.Release|x86.Build.0 = Release|Any CPU
		{4696C01D-8AF1-423F-BAB5-004115B839C2}.Debug|Any CPU.ActiveCfg = Debug|Any CPU
		{4696C01D-8AF1-423F-BAB5-004115B839C2}.Debug|Any CPU.Build.0 = Debug|Any CPU
		{4696C01D-8AF1-423F-BAB5-004115B839C2}.Debug|x64.ActiveCfg = Debug|Any CPU
		{4696C01D-8AF1-423F-BAB5-004115B839C2}.Debug|x64.Build.0 = Debug|Any CPU
		{4696C01D-8AF1-423F-BAB5-004115B839C2}.Debug|x86.ActiveCfg = Debug|Any CPU
		{4696C01D-8AF1-423F-BAB5-004115B839C2}.Debug|x86.Build.0 = Debug|Any CPU
		{4696C01D-8AF1-423F-BAB5-004115B839C2}.Release|Any CPU.ActiveCfg = Release|Any CPU
		{4696C01D-8AF1-423F-BAB5-004115B839C2}.Release|Any CPU.Build.0 = Release|Any CPU
		{4696C01D-8AF1-423F-BAB5-004115B839C2}.Release|x64.ActiveCfg = Release|Any CPU
		{4696C01D-8AF1-423F-BAB5-004115B839C2}.Release|x64.Build.0 = Release|Any CPU
		{4696C01D-8AF1-423F-BAB5-004115B839C2}.Release|x86.ActiveCfg = Release|Any CPU
		{4696C01D-8AF1-423F-BAB5-004115B839C2}.Release|x86.Build.0 = Release|Any CPU
		{271599F1-6514-4C14-A543-F987FC383849}.Debug|Any CPU.ActiveCfg = Debug|Any CPU
		{271599F1-6514-4C14-A543-F987FC383849}.Debug|Any CPU.Build.0 = Debug|Any CPU
		{271599F1-6514-4C14-A543-F987FC383849}.Debug|x64.ActiveCfg = Debug|Any CPU
		{271599F1-6514-4C14-A543-F987FC383849}.Debug|x64.Build.0 = Debug|Any CPU
		{271599F1-6514-4C14-A543-F987FC383849}.Debug|x86.ActiveCfg = Debug|Any CPU
		{271599F1-6514-4C14-A543-F987FC383849}.Debug|x86.Build.0 = Debug|Any CPU
		{271599F1-6514-4C14-A543-F987FC383849}.Release|Any CPU.ActiveCfg = Release|Any CPU
		{271599F1-6514-4C14-A543-F987FC383849}.Release|Any CPU.Build.0 = Release|Any CPU
		{271599F1-6514-4C14-A543-F987FC383849}.Release|x64.ActiveCfg = Release|Any CPU
		{271599F1-6514-4C14-A543-F987FC383849}.Release|x64.Build.0 = Release|Any CPU
		{271599F1-6514-4C14-A543-F987FC383849}.Release|x86.ActiveCfg = Release|Any CPU
		{271599F1-6514-4C14-A543-F987FC383849}.Release|x86.Build.0 = Release|Any CPU
		{F4B6D57E-839F-4E7D-B5A3-3123A1F386BF}.Debug|Any CPU.ActiveCfg = Debug|Any CPU
		{F4B6D57E-839F-4E7D-B5A3-3123A1F386BF}.Debug|Any CPU.Build.0 = Debug|Any CPU
		{F4B6D57E-839F-4E7D-B5A3-3123A1F386BF}.Debug|x64.ActiveCfg = Debug|Any CPU
		{F4B6D57E-839F-4E7D-B5A3-3123A1F386BF}.Debug|x64.Build.0 = Debug|Any CPU
		{F4B6D57E-839F-4E7D-B5A3-3123A1F386BF}.Debug|x86.ActiveCfg = Debug|Any CPU
		{F4B6D57E-839F-4E7D-B5A3-3123A1F386BF}.Debug|x86.Build.0 = Debug|Any CPU
		{F4B6D57E-839F-4E7D-B5A3-3123A1F386BF}.Release|Any CPU.ActiveCfg = Release|Any CPU
		{F4B6D57E-839F-4E7D-B5A3-3123A1F386BF}.Release|Any CPU.Build.0 = Release|Any CPU
		{F4B6D57E-839F-4E7D-B5A3-3123A1F386BF}.Release|x64.ActiveCfg = Release|Any CPU
		{F4B6D57E-839F-4E7D-B5A3-3123A1F386BF}.Release|x64.Build.0 = Release|Any CPU
		{F4B6D57E-839F-4E7D-B5A3-3123A1F386BF}.Release|x86.ActiveCfg = Release|Any CPU
		{F4B6D57E-839F-4E7D-B5A3-3123A1F386BF}.Release|x86.Build.0 = Release|Any CPU
		{6696EB9B-FA4C-4A4E-9A91-A2DB95963E14}.Debug|Any CPU.ActiveCfg = Debug|Any CPU
		{6696EB9B-FA4C-4A4E-9A91-A2DB95963E14}.Debug|Any CPU.Build.0 = Debug|Any CPU
		{6696EB9B-FA4C-4A4E-9A91-A2DB95963E14}.Debug|x64.ActiveCfg = Debug|Any CPU
		{6696EB9B-FA4C-4A4E-9A91-A2DB95963E14}.Debug|x64.Build.0 = Debug|Any CPU
		{6696EB9B-FA4C-4A4E-9A91-A2DB95963E14}.Debug|x86.ActiveCfg = Debug|Any CPU
		{6696EB9B-FA4C-4A4E-9A91-A2DB95963E14}.Debug|x86.Build.0 = Debug|Any CPU
		{6696EB9B-FA4C-4A4E-9A91-A2DB95963E14}.Release|Any CPU.ActiveCfg = Release|Any CPU
		{6696EB9B-FA4C-4A4E-9A91-A2DB95963E14}.Release|Any CPU.Build.0 = Release|Any CPU
		{6696EB9B-FA4C-4A4E-9A91-A2DB95963E14}.Release|x64.ActiveCfg = Release|Any CPU
		{6696EB9B-FA4C-4A4E-9A91-A2DB95963E14}.Release|x64.Build.0 = Release|Any CPU
		{6696EB9B-FA4C-4A4E-9A91-A2DB95963E14}.Release|x86.ActiveCfg = Release|Any CPU
		{6696EB9B-FA4C-4A4E-9A91-A2DB95963E14}.Release|x86.Build.0 = Release|Any CPU
		{FD0CF939-04C7-417B-BFFF-1F843AE1FE60}.Debug|Any CPU.ActiveCfg = Debug|Any CPU
		{FD0CF939-04C7-417B-BFFF-1F843AE1FE60}.Debug|Any CPU.Build.0 = Debug|Any CPU
		{FD0CF939-04C7-417B-BFFF-1F843AE1FE60}.Debug|x64.ActiveCfg = Debug|Any CPU
		{FD0CF939-04C7-417B-BFFF-1F843AE1FE60}.Debug|x64.Build.0 = Debug|Any CPU
		{FD0CF939-04C7-417B-BFFF-1F843AE1FE60}.Debug|x86.ActiveCfg = Debug|Any CPU
		{FD0CF939-04C7-417B-BFFF-1F843AE1FE60}.Debug|x86.Build.0 = Debug|Any CPU
		{FD0CF939-04C7-417B-BFFF-1F843AE1FE60}.Release|Any CPU.ActiveCfg = Release|Any CPU
		{FD0CF939-04C7-417B-BFFF-1F843AE1FE60}.Release|Any CPU.Build.0 = Release|Any CPU
		{FD0CF939-04C7-417B-BFFF-1F843AE1FE60}.Release|x64.ActiveCfg = Release|Any CPU
		{FD0CF939-04C7-417B-BFFF-1F843AE1FE60}.Release|x64.Build.0 = Release|Any CPU
		{FD0CF939-04C7-417B-BFFF-1F843AE1FE60}.Release|x86.ActiveCfg = Release|Any CPU
		{FD0CF939-04C7-417B-BFFF-1F843AE1FE60}.Release|x86.Build.0 = Release|Any CPU
		{C34B73AD-B70F-4E23-A1C9-A5C2FF45A1D5}.Debug|Any CPU.ActiveCfg = Debug|Any CPU
		{C34B73AD-B70F-4E23-A1C9-A5C2FF45A1D5}.Debug|Any CPU.Build.0 = Debug|Any CPU
		{C34B73AD-B70F-4E23-A1C9-A5C2FF45A1D5}.Debug|x64.ActiveCfg = Debug|Any CPU
		{C34B73AD-B70F-4E23-A1C9-A5C2FF45A1D5}.Debug|x64.Build.0 = Debug|Any CPU
		{C34B73AD-B70F-4E23-A1C9-A5C2FF45A1D5}.Debug|x86.ActiveCfg = Debug|Any CPU
		{C34B73AD-B70F-4E23-A1C9-A5C2FF45A1D5}.Debug|x86.Build.0 = Debug|Any CPU
		{C34B73AD-B70F-4E23-A1C9-A5C2FF45A1D5}.Release|Any CPU.ActiveCfg = Release|Any CPU
		{C34B73AD-B70F-4E23-A1C9-A5C2FF45A1D5}.Release|Any CPU.Build.0 = Release|Any CPU
		{C34B73AD-B70F-4E23-A1C9-A5C2FF45A1D5}.Release|x64.ActiveCfg = Release|Any CPU
		{C34B73AD-B70F-4E23-A1C9-A5C2FF45A1D5}.Release|x64.Build.0 = Release|Any CPU
		{C34B73AD-B70F-4E23-A1C9-A5C2FF45A1D5}.Release|x86.ActiveCfg = Release|Any CPU
		{C34B73AD-B70F-4E23-A1C9-A5C2FF45A1D5}.Release|x86.Build.0 = Release|Any CPU
		{656150DF-CEAD-4D24-9E9A-AB28CB0F8B0A}.Debug|Any CPU.ActiveCfg = Debug|Any CPU
		{656150DF-CEAD-4D24-9E9A-AB28CB0F8B0A}.Debug|Any CPU.Build.0 = Debug|Any CPU
		{656150DF-CEAD-4D24-9E9A-AB28CB0F8B0A}.Debug|x64.ActiveCfg = Debug|Any CPU
		{656150DF-CEAD-4D24-9E9A-AB28CB0F8B0A}.Debug|x64.Build.0 = Debug|Any CPU
		{656150DF-CEAD-4D24-9E9A-AB28CB0F8B0A}.Debug|x86.ActiveCfg = Debug|Any CPU
		{656150DF-CEAD-4D24-9E9A-AB28CB0F8B0A}.Debug|x86.Build.0 = Debug|Any CPU
		{656150DF-CEAD-4D24-9E9A-AB28CB0F8B0A}.Release|Any CPU.ActiveCfg = Release|Any CPU
		{656150DF-CEAD-4D24-9E9A-AB28CB0F8B0A}.Release|Any CPU.Build.0 = Release|Any CPU
		{656150DF-CEAD-4D24-9E9A-AB28CB0F8B0A}.Release|x64.ActiveCfg = Release|Any CPU
		{656150DF-CEAD-4D24-9E9A-AB28CB0F8B0A}.Release|x64.Build.0 = Release|Any CPU
		{656150DF-CEAD-4D24-9E9A-AB28CB0F8B0A}.Release|x86.ActiveCfg = Release|Any CPU
		{656150DF-CEAD-4D24-9E9A-AB28CB0F8B0A}.Release|x86.Build.0 = Release|Any CPU
	EndGlobalSection
	GlobalSection(NestedProjects) = preSolution
		{630DD108-79AE-4A0B-A462-758278B31308} = {858C24CA-DD5A-46B0-BA44-A92760591FCA}
		{B86A9D3D-54A2-4671-91F6-D732AD3C9C96} = {66D4CC07-205C-4297-854C-4E825E20C5C9}
		{37957BF0-C557-445E-B50A-885E3E8AF0DF} = {858C24CA-DD5A-46B0-BA44-A92760591FCA}
		{4696C01D-8AF1-423F-BAB5-004115B839C2} = {858C24CA-DD5A-46B0-BA44-A92760591FCA}
		{271599F1-6514-4C14-A543-F987FC383849} = {858C24CA-DD5A-46B0-BA44-A92760591FCA}
		{F4B6D57E-839F-4E7D-B5A3-3123A1F386BF} = {66D4CC07-205C-4297-854C-4E825E20C5C9}
		{6696EB9B-FA4C-4A4E-9A91-A2DB95963E14} = {BED8B6B5-1E1C-40A6-9EA9-248FCD2FBF6B}
		{FD0CF939-04C7-417B-BFFF-1F843AE1FE60} = {BED8B6B5-1E1C-40A6-9EA9-248FCD2FBF6B}
		{C34B73AD-B70F-4E23-A1C9-A5C2FF45A1D5} = {BED8B6B5-1E1C-40A6-9EA9-248FCD2FBF6B}
		{656150DF-CEAD-4D24-9E9A-AB28CB0F8B0A} = {858C24CA-DD5A-46B0-BA44-A92760591FCA}
	EndGlobalSection
EndGlobal
